Microsoft Visual Studio Solution File, Format Version 8.00
Project("{8BC9CEB8-8B4A-11D0-8D11-00A0C91BC942}") = "MapEditor", "MapEditor.vcproj", "{680A24B7-131E-4F9B-9D13-D0BACD152D60}"
	ProjectSection(ProjectDependencies) = postProject
	EndProjectSection
EndProject
Global
	GlobalSection(SolutionConfiguration) = preSolution
		Debug = Debug
		Release = Release
	EndGlobalSection
	GlobalSection(ProjectConfiguration) = postSolution
		{680A24B7-131E-4F9B-9D13-D0BACD152D60}.Debug.ActiveCfg = Debug|Win32
		{680A24B7-131E-4F9B-9D13-D0BACD152D60}.Debug.Build.0 = Debug|Win32
		{680A24B7-131E-4F9B-9D13-D0BACD152D60}.Release.ActiveCfg = Release|Win32
		{680A24B7-131E-4F9B-9D13-D0BACD152D60}.Release.Build.0 = Release|Win32
	EndGlobalSection
	GlobalSection(ExtensibilityGlobals) = postSolution
	EndGlobalSection
	GlobalSection(ExtensibilityAddIns) = postSolution
	EndGlobalSection
EndGlobal
